<Solution>
  <Folder Name="/.text/">
    <File Path="CHANGELOG.md" />
    <File Path="README.md" />
  </Folder>
  <Folder Name="/samples/">
    <File Path="samples/Directory.Build.props" />
    <Project Path="samples/IfItQuacks.Sample.AnonymousTypes/IfItQuacks.Sample.AnonymousTypes.csproj" />
    <Project Path="samples/IfItQuacks.Sample.Assignability/IfItQuacks.Sample.Assignability.csproj" />
    <Project Path="samples/IfItQuacks.Sample.Conversion/IfItQuacks.Sample.Conversion.csproj" />
    <Project Path="samples/IfItQuacks.Sample.Generics/IfItQuacks.Sample.Generics.csproj" />
    <Project Path="samples/IfItQuacks.Sample.Methods/IfItQuacks.Sample.Methods.csproj" />
    <Project Path="samples/IfItQuacks.Sample.Properties/IfItQuacks.Sample.Properties.csproj" />
  </Folder>
  <Folder Name="/src/">
    <Project Path="src/IfItQuacks.Generator/IfItQuacks.Generator.csproj" />
  </Folder>
  <Folder Name="/tests/">
    <Project Path="tests/IfItQuacks.Tests/IfItQuacks.Tests.csproj" />
  </Folder>
</Solution>
